lockfileVersion: '6.0'

devDependencies:
  '@tauri-apps/cli':
    specifier: ^1.3.0
    version: 1.3.0

packages:

  /@tauri-apps/cli-darwin-arm64@1.3.0:
    resolution: {integrity: sha512-uuhx3/LaqFyHkoGOnOltBLKWGOzC6WzdXu+/Qv3NmNnyQWkY7O34z5V0oP6ibfuiOBZufKjOuBR+8YAIR8Qh9Q==}
    engines: {node: '>= 10'}
    cpu: [arm64]
    os: [darwin]
    requiresBuild: true
    dev: true
    optional: true

  /@tauri-apps/cli-darwin-x64@1.3.0:
    resolution: {integrity: sha512-fj0VXHMDvb/H1CjaS/JoYd7xcourxndJn1IyM4afYbpXibT/fpmM6uZflDI6rRa220NfnBtQvy+asgwC9wuyLA==}
    engines: {node: '>= 10'}
    cpu: [x64]
    os: [darwin]
    requiresBuild: true
    dev: true
    optional: true

  /@tauri-apps/cli-linux-arm-gnueabihf@1.3.0:
    resolution: {integrity: sha512-f80DmFPnH5ZskG61KIlAyMVk9YkrTq0XM2uiQjOo5gToIdJidSwhPQVeBLv+7UxhqaRBx082Dg2fOkWlO3LiOQ==}
    engines: {node: '>= 10'}
    cpu: [arm]
    os: [linux]
    requiresBuild: true
    dev: true
    optional: true

  /@tauri-apps/cli-linux-arm64-gnu@1.3.0:
    resolution: {integrity: sha512-s6/OByuGoppoUSnOXv/b6Oe6cVFk2w/KHs19aJJpo9ov/dUAA1w9wXlXu2l6sOFGsu/plaVomF2cw3iAQmaUCQ==}
    engines: {node: '>= 10'}
    cpu: [arm64]
    os: [linux]
    requiresBuild: true
    dev: true
    optional: true

  /@tauri-apps/cli-linux-arm64-musl@1.3.0:
    resolution: {integrity: sha512-yZfZAW4BG92cynL/D4wdrwBAl2oekRwiZnU5CM8k5yncalVEL0tyzuxQjjqbqrtDcw0rdkoBWrhFd+EB89vQaQ==}
    engines: {node: '>= 10'}
    cpu: [arm64]
    os: [linux]
    requiresBuild: true
    dev: true
    optional: true

  /@tauri-apps/cli-linux-x64-gnu@1.3.0:
    resolution: {integrity: sha512-K3KRWSGKh7DTBr/ZKgWzeNX1Vdgx1ZBlUJXsm72R0Hb+93fDEp3TWgiwVkxqecB4aNWJhJsDcvRHuxw1G8xPlA==}
    engines: {node: '>= 10'}
    cpu: [x64]
    os: [linux]
    requiresBuild: true
    dev: true
    optional: true

  /@tauri-apps/cli-linux-x64-musl@1.3.0:
    resolution: {integrity: sha512-99bVHqL1EtF7oESrlmEb5BWJsMNQ2ha70gesZhaVO2qI9Vg089XvrFZWC+aGiUsXNFrOw270+D9DKn03xO5+Zg==}
    engines: {node: '>= 10'}
    cpu: [x64]
    os: [linux]
    requiresBuild: true
    dev: true
    optional: true

  /@tauri-apps/cli-win32-ia32-msvc@1.3.0:
    resolution: {integrity: sha512-ckBUTqXXdnCiYyf2xvxiuqiKZurg7ET++f6yzfvYa+gofd5dagQJkGLlkIg2pJ2c8mhEG1Cfk1vxWPqqGfN2GQ==}
    engines: {node: '>= 10'}
    cpu: [ia32]
    os: [win32]
    requiresBuild: true
    dev: true
    optional: true

  /@tauri-apps/cli-win32-x64-msvc@1.3.0:
    resolution: {integrity: sha512-vQ4wqRE0aziyRxgHIOLudGuxx4wETvFnmMvDBaNJRRrZQPlkOKnRxrvj1rNnI1845BdzSbDF4p7JDcFzToAfXA==}
    engines: {node: '>= 10'}
    cpu: [x64]
    os: [win32]
    requiresBuild: true
    dev: true
    optional: true

  /@tauri-apps/cli@1.3.0:
    resolution: {integrity: sha512-H65YQQkE6SBTQ+KlqTmzx7oCL/2p36v2jPFVNHBhZ5EN7g0VLYmImh9TFcB/QsO2aT+sVlRZSmTpL3R0Iiu8pA==}
    engines: {node: '>= 10'}
    hasBin: true
    optionalDependencies:
      '@tauri-apps/cli-darwin-arm64': 1.3.0
      '@tauri-apps/cli-darwin-x64': 1.3.0
      '@tauri-apps/cli-linux-arm-gnueabihf': 1.3.0
      '@tauri-apps/cli-linux-arm64-gnu': 1.3.0
      '@tauri-apps/cli-linux-arm64-musl': 1.3.0
      '@tauri-apps/cli-linux-x64-gnu': 1.3.0
      '@tauri-apps/cli-linux-x64-musl': 1.3.0
      '@tauri-apps/cli-win32-ia32-msvc': 1.3.0
      '@tauri-apps/cli-win32-x64-msvc': 1.3.0
    dev: true
